
Microsoft Visual Studio Solution File, Format Version 12.00
# Visual Studio Version 17
VisualStudioVersion = 17.9.34728.123
MinimumVisualStudioVersion = 10.0.40219.1
Project("{FAE04EC0-301F-11D3-BF4B-00C04F79EFBC}") = "EFInstanceMethodTest", "EFInstanceMethodTest\EFInstanceMethodTest.csproj", "{D835A252-90DD-4A3B-8A37-71900EC2C271}"
EndProject
Global
	GlobalSection(SolutionConfigurationPlatforms) = preSolution
		Debug|Any CPU = Debug|Any CPU
		Release|Any CPU = Release|Any CPU
	EndGlobalSection
	GlobalSection(ProjectConfigurationPlatforms) = postSolution
		{D835A252-90DD-4A3B-8A37-71900EC2C271}.Debug|Any CPU.ActiveCfg = Debug|Any CPU
		{D835A252-90DD-4A3B-8A37-71900EC2C271}.Debug|Any CPU.Build.0 = Debug|Any CPU
		{D835A252-90DD-4A3B-8A37-71900EC2C271}.Release|Any CPU.ActiveCfg = Release|Any CPU
		{D835A252-90DD-4A3B-8A37-71900EC2C271}.Release|Any CPU.Build.0 = Release|Any CPU
	EndGlobalSection
	GlobalSection(SolutionProperties) = preSolution
		HideSolutionNode = FALSE
	EndGlobalSection
	GlobalSection(ExtensibilityGlobals) = postSolution
		SolutionGuid = {81E72BD3-0C8B-49E7-9E25-EB963A3BD788}
	EndGlobalSection
EndGlobal
